{
  "nodes": {
    "nixpkgs": {
      "locked": {
        "lastModified": 0,
        "narHash": "sha256-sT38tcx7m0Quz+Uj6jzx+yRa2+EVW2C3cE0FkROXUzQ=",
        "path": "/nix/store/zqmfn5zykhx0ns8yrmwshj3nqg6h6im1-source",
        "type": "path"
      },
      "original": {
        "id": "nixpkgs",
        "type": "indirect"
      }
    },
    "root": {
      "inputs": {
        "nixpkgs": "nixpkgs"
      }
    }
  },
  "root": "root",
  "version": 7
}
