{
  "nodes": {
    "nixpkgs": {
      "locked": {
        "lastModified": 1658347386,
        "narHash": "sha256-wG4cCxAHifNUKRNsZGsSaeC3L6WMOQiEga6ctp1k2vM=",
        "owner": "NixOS",
        "repo": "nixpkgs",
        "rev": "f4df514e2ef1a5a822a8d572b4c29b3998ac1dc9",
        "type": "github"
      },
      "original": {
        "owner": "NixOS",
        "repo": "nixpkgs",
        "type": "github"
      }
    },
    "root": {
      "inputs": {
        "nixpkgs": "nixpkgs"
      }
    }
  },
  "root": "root",
  "version": 7
}
